
Microsoft Visual Studio Solution File, Format Version 12.00
# Visual Studio Version 17
VisualStudioVersion = 17.1.32421.90
MinimumVisualStudioVersion = 10.0.40219.1
Project("{FAE04EC0-301F-11D3-BF4B-00C04F79EFBC}") = "CRUD", "CRUD\CRUD.csproj", "{C08F7BDA-85E2-49DB-B1F6-F8E14D6BDB08}"
EndProject
Global
	GlobalSection(SolutionConfigurationPlatforms) = preSolution
		Debug|Any CPU = Debug|Any CPU
		Release|Any CPU = Release|Any CPU
	EndGlobalSection
	GlobalSection(ProjectConfigurationPlatforms) = postSolution
		{C08F7BDA-85E2-49DB-B1F6-F8E14D6BDB08}.Debug|Any CPU.ActiveCfg = Debug|Any CPU
		{C08F7BDA-85E2-49DB-B1F6-F8E14D6BDB08}.Debug|Any CPU.Build.0 = Debug|Any CPU
		{C08F7BDA-85E2-49DB-B1F6-F8E14D6BDB08}.Release|Any CPU.ActiveCfg = Release|Any CPU
		{C08F7BDA-85E2-49DB-B1F6-F8E14D6BDB08}.Release|Any CPU.Build.0 = Release|Any CPU
	EndGlobalSection
	GlobalSection(SolutionProperties) = preSolution
		HideSolutionNode = FALSE
	EndGlobalSection
	GlobalSection(ExtensibilityGlobals) = postSolution
		SolutionGuid = {CCFCCDAF-054B-43CA-ACC5-DCACA81D41B1}
	EndGlobalSection
EndGlobal
